
Microsoft Visual Studio Solution File, Format Version 12.00
# Visual Studio Version 17
VisualStudioVersion = 17.11.35222.181
MinimumVisualStudioVersion = 10.0.40219.1
Project("{FAE04EC0-301F-11D3-BF4B-00C04F79EFBC}") = "funcao", "funcao\funcao.csproj", "{DA038267-F99F-406F-B7CE-AE13FB879A6C}"
EndProject
Global
	GlobalSection(SolutionConfigurationPlatforms) = preSolution
		Debug|Any CPU = Debug|Any CPU
		Release|Any CPU = Release|Any CPU
	EndGlobalSection
	GlobalSection(ProjectConfigurationPlatforms) = postSolution
		{DA038267-F99F-406F-B7CE-AE13FB879A6C}.Debug|Any CPU.ActiveCfg = Debug|Any CPU
		{DA038267-F99F-406F-B7CE-AE13FB879A6C}.Debug|Any CPU.Build.0 = Debug|Any CPU
		{DA038267-F99F-406F-B7CE-AE13FB879A6C}.Release|Any CPU.ActiveCfg = Release|Any CPU
		{DA038267-F99F-406F-B7CE-AE13FB879A6C}.Release|Any CPU.Build.0 = Release|Any CPU
	EndGlobalSection
	GlobalSection(SolutionProperties) = preSolution
		HideSolutionNode = FALSE
	EndGlobalSection
	GlobalSection(ExtensibilityGlobals) = postSolution
		SolutionGuid = {5F0359E0-448A-45D8-A6DA-B8A07D329C5C}
	EndGlobalSection
EndGlobal
